
Microsoft Visual Studio Solution File, Format Version 12.00
# Visual Studio Version 17
VisualStudioVersion = 17.10.35027.167
MinimumVisualStudioVersion = 10.0.40219.1
Project("{FAE04EC0-301F-11D3-BF4B-00C04F79EFBC}") = "MAME.Core", "MAME.Core\MAME.Core.csproj", "{954965B1-EF86-4957-8126-BE4FCB7E101A}"
EndProject
Global
	GlobalSection(SolutionConfigurationPlatforms) = preSolution
		Debug|Any CPU = Debug|Any CPU
		Release|Any CPU = Release|Any CPU
	EndGlobalSection
	GlobalSection(ProjectConfigurationPlatforms) = postSolution
		{954965B1-EF86-4957-8126-BE4FCB7E101A}.Debug|Any CPU.ActiveCfg = Debug|Any CPU
		{954965B1-EF86-4957-8126-BE4FCB7E101A}.Debug|Any CPU.Build.0 = Debug|Any CPU
		{954965B1-EF86-4957-8126-BE4FCB7E101A}.Release|Any CPU.ActiveCfg = Release|Any CPU
		{954965B1-EF86-4957-8126-BE4FCB7E101A}.Release|Any CPU.Build.0 = Release|Any CPU
	EndGlobalSection
	GlobalSection(SolutionProperties) = preSolution
		HideSolutionNode = FALSE
	EndGlobalSection
	GlobalSection(ExtensibilityGlobals) = postSolution
		SolutionGuid = {1E095E89-39DD-4C74-9ED3-D44222CA95CF}
	EndGlobalSection
EndGlobal
